
Microsoft Visual Studio Solution File, Format Version 12.00
# Visual Studio Version 17
VisualStudioVersion = 17.1.32228.430
MinimumVisualStudioVersion = 10.0.40219.1
Project("{FAE04EC0-301F-11D3-BF4B-00C04F79EFBC}") = "Radio", "Radio\Radio.csproj", "{17D217C5-0295-4F8C-9BEA-AE48A12B6F3B}"
EndProject
Global
	GlobalSection(SolutionConfigurationPlatforms) = preSolution
		Debug|Any CPU = Debug|Any CPU
		Release|Any CPU = Release|Any CPU
	EndGlobalSection
	GlobalSection(ProjectConfigurationPlatforms) = postSolution
		{17D217C5-0295-4F8C-9BEA-AE48A12B6F3B}.Debug|Any CPU.ActiveCfg = Debug|Any CPU
		{17D217C5-0295-4F8C-9BEA-AE48A12B6F3B}.Debug|Any CPU.Build.0 = Debug|Any CPU
		{17D217C5-0295-4F8C-9BEA-AE48A12B6F3B}.Release|Any CPU.ActiveCfg = Release|Any CPU
		{17D217C5-0295-4F8C-9BEA-AE48A12B6F3B}.Release|Any CPU.Build.0 = Release|Any CPU
	EndGlobalSection
	GlobalSection(SolutionProperties) = preSolution
		HideSolutionNode = FALSE
	EndGlobalSection
	GlobalSection(ExtensibilityGlobals) = postSolution
		SolutionGuid = {5B67AB3A-E5C6-4C9C-BCE1-2B43E6B33E4D}
	EndGlobalSection
EndGlobal
